
Microsoft Visual Studio Solution File, Format Version 12.00
# Visual Studio 15
VisualStudioVersion = 15.0.28307.329
MinimumVisualStudioVersion = 10.0.40219.1
Project("{9A19103F-16F7-4668-BE54-9A1E7A4F7556}") = "KidClothesShop.Core", "Core\KidClothesShop.Core.csproj", "{464CE2CE-2219-4D2C-8959-DD48EBF71E72}"
EndProject
Project("{9A19103F-16F7-4668-BE54-9A1E7A4F7556}") = "KidClothesShop.Infrastructure", "Infrastructure\KidClothesShop.Infrastructure.csproj", "{1465161F-3246-4F8B-B50F-352B3D91F398}"
EndProject
Global
	GlobalSection(SolutionConfigurationPlatforms) = preSolution
		Debug|Any CPU = Debug|Any CPU
		Release|Any CPU = Release|Any CPU
	EndGlobalSection
	GlobalSection(ProjectConfigurationPlatforms) = postSolution
		{464CE2CE-2219-4D2C-8959-DD48EBF71E72}.Debug|Any CPU.ActiveCfg = Debug|Any CPU
		{464CE2CE-2219-4D2C-8959-DD48EBF71E72}.Debug|Any CPU.Build.0 = Debug|Any CPU
		{464CE2CE-2219-4D2C-8959-DD48EBF71E72}.Release|Any CPU.ActiveCfg = Release|Any CPU
		{464CE2CE-2219-4D2C-8959-DD48EBF71E72}.Release|Any CPU.Build.0 = Release|Any CPU
		{1465161F-3246-4F8B-B50F-352B3D91F398}.Debug|Any CPU.ActiveCfg = Debug|Any CPU
		{1465161F-3246-4F8B-B50F-352B3D91F398}.Debug|Any CPU.Build.0 = Debug|Any CPU
		{1465161F-3246-4F8B-B50F-352B3D91F398}.Release|Any CPU.ActiveCfg = Release|Any CPU
		{1465161F-3246-4F8B-B50F-352B3D91F398}.Release|Any CPU.Build.0 = Release|Any CPU
	EndGlobalSection
	GlobalSection(SolutionProperties) = preSolution
		HideSolutionNode = FALSE
	EndGlobalSection
	GlobalSection(ExtensibilityGlobals) = postSolution
		SolutionGuid = {79BEC97E-93BD-4F10-B470-82E86B1DFCE5}
	EndGlobalSection
EndGlobal
